// !$*UTF8*$!
{
	archiveVersion = 1;
	classes = {
	};
	objectVersion = 50;
	objects = {

/* Begin PBXBuildFile section */
		083101F2253E049A0076C1CE /* BookmarkedRecipesListViewController.swift in Sources */ = {isa = PBXBuildFile; fileRef = 083101F1253E049A0076C1CE /* BookmarkedRecipesListViewController.swift */; };
		0843CAE425F9E45500D4EBE0 /* FavRecipesListViewController.swift in Sources */ = {isa = PBXBuildFile; fileRef = 0843CAE325F9E45500D4EBE0 /* FavRecipesListViewController.swift */; };
		0843CAF925F9E83300D4EBE0 /* Notes.swift in Sources */ = {isa = PBXBuildFile; fileRef = 0843CAF825F9E83300D4EBE0 /* Notes.swift */; };
		08D76E49252978BE0062D59A /* Secret.swift in Sources */ = {isa = PBXBuildFile; fileRef = 08D76E48252978BE0062D59A /* Secret.swift */; };
		08D76E64252978F10062D59A /* GoogleService-Info.plist in Resources */ = {isa = PBXBuildFile; fileRef = 08D76E63252978F10062D59A /* GoogleService-Info.plist */; };
		D805059724FA19C600A239C1 /* Constants.swift in Sources */ = {isa = PBXBuildFile; fileRef = D805059624FA19C600A239C1 /* Constants.swift */; };
		D8160A1C24FA3C7E0042163D /* LoginAuthViewController.swift in Sources */ = {isa = PBXBuildFile; fileRef = D8160A1B24FA3C7E0042163D /* LoginAuthViewController.swift */; };
		D81C557124C0BEC70093A5A5 /* SearchViewController.swift in Sources */ = {isa = PBXBuildFile; fileRef = D81C557024C0BEC70093A5A5 /* SearchViewController.swift */; };
		D8366DBA24FF573300579CF2 /* UIViewController+Ext.swift in Sources */ = {isa = PBXBuildFile; fileRef = D8366DB924FF573300579CF2 /* UIViewController+Ext.swift */; };
		D837CCBA24C2267C00BE1F1B /* RecipeCell.swift in Sources */ = {isa = PBXBuildFile; fileRef = D837CCB924C2267C00BE1F1B /* RecipeCell.swift */; };
		D838BF5724CB7E3D009B056E /* RecipeFetchingService.swift in Sources */ = {isa = PBXBuildFile; fileRef = D838BF5624CB7E3D009B056E /* RecipeFetchingService.swift */; };
		D83B5A6324DA07ED00B1CF4E /* ProfileViewController.swift in Sources */ = {isa = PBXBuildFile; fileRef = D83B5A6224DA07ED00B1CF4E /* ProfileViewController.swift */; };
		D874000124D9BAAB000A19AF /* RBTabBarController.swift in Sources */ = {isa = PBXBuildFile; fileRef = D874000024D9BAAB000A19AF /* RBTabBarController.swift */; };
		D874FFFD24D92824000A19AF /* RBBodyLabel.swift in Sources */ = {isa = PBXBuildFile; fileRef = D874FFFC24D92824000A19AF /* RBBodyLabel.swift */; };
		D877734824D8D90A001C8FF7 /* RecipeInformation.swift in Sources */ = {isa = PBXBuildFile; fileRef = D877734724D8D90A001C8FF7 /* RecipeInformation.swift */; };
		D877734C24D8E060001C8FF7 /* AORecipeInformoationModelTest.swift in Sources */ = {isa = PBXBuildFile; fileRef = D877734B24D8E060001C8FF7 /* AORecipeInformoationModelTest.swift */; };
		D877734E24D8EA56001C8FF7 /* RBTitleLabel.swift in Sources */ = {isa = PBXBuildFile; fileRef = D877734D24D8EA56001C8FF7 /* RBTitleLabel.swift */; };
		D877735024D8ED26001C8FF7 /* RBSubheadingLabel.swift in Sources */ = {isa = PBXBuildFile; fileRef = D877734F24D8ED26001C8FF7 /* RBSubheadingLabel.swift */; };
		D877735824D8F384001C8FF7 /* RBFoodImageView.swift in Sources */ = {isa = PBXBuildFile; fileRef = D877735724D8F384001C8FF7 /* RBFoodImageView.swift */; };
		D877735A24D8F95A001C8FF7 /* RBSecondaryTitleLabel.swift in Sources */ = {isa = PBXBuildFile; fileRef = D877735924D8F95A001C8FF7 /* RBSecondaryTitleLabel.swift */; };
		D88BC64E24D779BD00F3E5BF /* DetailViewController.swift in Sources */ = {isa = PBXBuildFile; fileRef = D88BC64D24D779BD00F3E5BF /* DetailViewController.swift */; };
		D8AD611D24D45B6C007CDE9E /* NetworkError.swift in Sources */ = {isa = PBXBuildFile; fileRef = D8AD611C24D45B6C007CDE9E /* NetworkError.swift */; };
		D8AD612224D45DC2007CDE9E /* NetworkManager.swift in Sources */ = {isa = PBXBuildFile; fileRef = D8AD612124D45DC2007CDE9E /* NetworkManager.swift */; };
		D8B6316D24D50C7400CF6DF7 /* ImageFetchingService.swift in Sources */ = {isa = PBXBuildFile; fileRef = D8B6316C24D50C7400CF6DF7 /* ImageFetchingService.swift */; };
		D8BEE76A24FA5E9D00DB77D9 /* RBTextField.swift in Sources */ = {isa = PBXBuildFile; fileRef = D8BEE76924FA5E9D00DB77D9 /* RBTextField.swift */; };
		D8BEE76E24FADC0A00DB77D9 /* AppUser.swift in Sources */ = {isa = PBXBuildFile; fileRef = D8BEE76D24FADC0A00DB77D9 /* AppUser.swift */; };
		D8BEE77024FAE02200DB77D9 /* FirebaseAuthService.swift in Sources */ = {isa = PBXBuildFile; fileRef = D8BEE76F24FAE02200DB77D9 /* FirebaseAuthService.swift */; };
		D8C12ED524C0BBB2006F98C1 /* AppDelegate.swift in Sources */ = {isa = PBXBuildFile; fileRef = D8C12ED424C0BBB2006F98C1 /* AppDelegate.swift */; };
		D8C12ED724C0BBB2006F98C1 /* SceneDelegate.swift in Sources */ = {isa = PBXBuildFile; fileRef = D8C12ED624C0BBB2006F98C1 /* SceneDelegate.swift */; };
		D8C12EDE24C0BBB3006F98C1 /* Assets.xcassets in Resources */ = {isa = PBXBuildFile; fileRef = D8C12EDD24C0BBB3006F98C1 /* Assets.xcassets */; };
		D8C12EE124C0BBB3006F98C1 /* LaunchScreen.storyboard in Resources */ = {isa = PBXBuildFile; fileRef = D8C12EDF24C0BBB3006F98C1 /* LaunchScreen.storyboard */; };
		D8C12EEC24C0BBB4006F98C1 /* AORecipeModelTest.swift in Sources */ = {isa = PBXBuildFile; fileRef = D8C12EEB24C0BBB4006F98C1 /* AORecipeModelTest.swift */; };
		D8CD39D824FA29570093514B /* RBButton.swift in Sources */ = {isa = PBXBuildFile; fileRef = D8CD39D724FA29570093514B /* RBButton.swift */; };
		D8CD39DA24FA2B7B0093514B /* HomeAuthViewController.swift in Sources */ = {isa = PBXBuildFile; fileRef = D8CD39D924FA2B7B0093514B /* HomeAuthViewController.swift */; };
		D8CD39DC24FA39B50093514B /* SignupAuthViewController.swift in Sources */ = {isa = PBXBuildFile; fileRef = D8CD39DB24FA39B50093514B /* SignupAuthViewController.swift */; };
		D8D3A07924C2704800AA8D26 /* Recipes.json in Resources */ = {isa = PBXBuildFile; fileRef = D8D3A07824C2704800AA8D26 /* Recipes.json */; };
		D8D3A07D24C359FA00AA8D26 /* Recipe.swift in Sources */ = {isa = PBXBuildFile; fileRef = D8D3A07C24C359FA00AA8D26 /* Recipe.swift */; };
		D8E8F78A24DDF54C0077E6E6 /* RecipeInformation.json in Resources */ = {isa = PBXBuildFile; fileRef = D8E8F78924DDF54C0077E6E6 /* RecipeInformation.json */; };
		D8FB3A5824FDD8E40039FF84 /* String+Validations.swift in Sources */ = {isa = PBXBuildFile; fileRef = D8FB3A5724FDD8E40039FF84 /* String+Validations.swift */; };
		D8FCACC624F9E739009231F4 /* RBBookmarkButton.swift in Sources */ = {isa = PBXBuildFile; fileRef = D8FCACC524F9E739009231F4 /* RBBookmarkButton.swift */; };
/* End PBXBuildFile section */

/* Begin PBXContainerItemProxy section */
		D8C12EE824C0BBB4006F98C1 /* PBXContainerItemProxy */ = {
			isa = PBXContainerItemProxy;
			containerPortal = D8C12EC924C0BBB2006F98C1 /* Project object */;
			proxyType = 1;
			remoteGlobalIDString = D8C12ED024C0BBB2006F98C1;
			remoteInfo = AzureOverall;
		};
/* End PBXContainerItemProxy section */

/* Begin PBXFileReference section */
		083101F1253E049A0076C1CE /* BookmarkedRecipesListViewController.swift */ = {isa = PBXFileReference; lastKnownFileType = sourcecode.swift; path = BookmarkedRecipesListViewController.swift; sourceTree = "<group>"; };
		0843CAE325F9E45500D4EBE0 /* FavRecipesListViewController.swift */ = {isa = PBXFileReference; lastKnownFileType = sourcecode.swift; path = FavRecipesListViewController.swift; sourceTree = "<group>"; };
		0843CAF825F9E83300D4EBE0 /* Notes.swift */ = {isa = PBXFileReference; lastKnownFileType = sourcecode.swift; path = Notes.swift; sourceTree = "<group>"; };
		08D76E48252978BE0062D59A /* Secret.swift */ = {isa = PBXFileReference; lastKnownFileType = sourcecode.swift; path = Secret.swift; sourceTree = "<group>"; };
		08D76E63252978F10062D59A /* GoogleService-Info.plist */ = {isa = PBXFileReference; fileEncoding = 4; lastKnownFileType = text.plist.xml; path = "GoogleService-Info.plist"; sourceTree = "<group>"; };
		D805059624FA19C600A239C1 /* Constants.swift */ = {isa = PBXFileReference; lastKnownFileType = sourcecode.swift; path = Constants.swift; sourceTree = "<group>"; };
		D8160A1B24FA3C7E0042163D /* LoginAuthViewController.swift */ = {isa = PBXFileReference; lastKnownFileType = sourcecode.swift; path = LoginAuthViewController.swift; sourceTree = "<group>"; };
		D81C557024C0BEC70093A5A5 /* SearchViewController.swift */ = {isa = PBXFileReference; lastKnownFileType = sourcecode.swift; path = SearchViewController.swift; sourceTree = "<group>"; };
		D8366DB924FF573300579CF2 /* UIViewController+Ext.swift */ = {isa = PBXFileReference; lastKnownFileType = sourcecode.swift; path = "UIViewController+Ext.swift"; sourceTree = "<group>"; };
		D837CCB924C2267C00BE1F1B /* RecipeCell.swift */ = {isa = PBXFileReference; lastKnownFileType = sourcecode.swift; path = RecipeCell.swift; sourceTree = "<group>"; };
		D838BF5624CB7E3D009B056E /* RecipeFetchingService.swift */ = {isa = PBXFileReference; lastKnownFileType = sourcecode.swift; path = RecipeFetchingService.swift; sourceTree = "<group>"; };
		D83B5A6224DA07ED00B1CF4E /* ProfileViewController.swift */ = {isa = PBXFileReference; lastKnownFileType = sourcecode.swift; path = ProfileViewController.swift; sourceTree = "<group>"; };
		D874000024D9BAAB000A19AF /* RBTabBarController.swift */ = {isa = PBXFileReference; lastKnownFileType = sourcecode.swift; path = RBTabBarController.swift; sourceTree = "<group>"; };
		D874FFFC24D92824000A19AF /* RBBodyLabel.swift */ = {isa = PBXFileReference; lastKnownFileType = sourcecode.swift; path = RBBodyLabel.swift; sourceTree = "<group>"; };
		D877734724D8D90A001C8FF7 /* RecipeInformation.swift */ = {isa = PBXFileReference; lastKnownFileType = sourcecode.swift; path = RecipeInformation.swift; sourceTree = "<group>"; };
		D877734B24D8E060001C8FF7 /* AORecipeInformoationModelTest.swift */ = {isa = PBXFileReference; lastKnownFileType = sourcecode.swift; path = AORecipeInformoationModelTest.swift; sourceTree = "<group>"; };
		D877734D24D8EA56001C8FF7 /* RBTitleLabel.swift */ = {isa = PBXFileReference; lastKnownFileType = sourcecode.swift; path = RBTitleLabel.swift; sourceTree = "<group>"; };
		D877734F24D8ED26001C8FF7 /* RBSubheadingLabel.swift */ = {isa = PBXFileReference; lastKnownFileType = sourcecode.swift; path = RBSubheadingLabel.swift; sourceTree = "<group>"; };
		D877735724D8F384001C8FF7 /* RBFoodImageView.swift */ = {isa = PBXFileReference; lastKnownFileType = sourcecode.swift; path = RBFoodImageView.swift; sourceTree = "<group>"; };
		D877735924D8F95A001C8FF7 /* RBSecondaryTitleLabel.swift */ = {isa = PBXFileReference; lastKnownFileType = sourcecode.swift; path = RBSecondaryTitleLabel.swift; sourceTree = "<group>"; };
		D88BC64D24D779BD00F3E5BF /* DetailViewController.swift */ = {isa = PBXFileReference; lastKnownFileType = sourcecode.swift; path = DetailViewController.swift; sourceTree = "<group>"; };
		D8AD611C24D45B6C007CDE9E /* NetworkError.swift */ = {isa = PBXFileReference; lastKnownFileType = sourcecode.swift; path = NetworkError.swift; sourceTree = "<group>"; };
		D8AD612124D45DC2007CDE9E /* NetworkManager.swift */ = {isa = PBXFileReference; lastKnownFileType = sourcecode.swift; path = NetworkManager.swift; sourceTree = "<group>"; };
		D8B6316C24D50C7400CF6DF7 /* ImageFetchingService.swift */ = {isa = PBXFileReference; lastKnownFileType = sourcecode.swift; path = ImageFetchingService.swift; sourceTree = "<group>"; };
		D8BEE76924FA5E9D00DB77D9 /* RBTextField.swift */ = {isa = PBXFileReference; lastKnownFileType = sourcecode.swift; path = RBTextField.swift; sourceTree = "<group>"; };
		D8BEE76D24FADC0A00DB77D9 /* AppUser.swift */ = {isa = PBXFileReference; lastKnownFileType = sourcecode.swift; path = AppUser.swift; sourceTree = "<group>"; };
		D8BEE76F24FAE02200DB77D9 /* FirebaseAuthService.swift */ = {isa = PBXFileReference; lastKnownFileType = sourcecode.swift; path = FirebaseAuthService.swift; sourceTree = "<group>"; };
		D8C12ED124C0BBB2006F98C1 /* Recipe Box.app */ = {isa = PBXFileReference; explicitFileType = wrapper.application; includeInIndex = 0; path = "Recipe Box.app"; sourceTree = BUILT_PRODUCTS_DIR; };
		D8C12ED424C0BBB2006F98C1 /* AppDelegate.swift */ = {isa = PBXFileReference; lastKnownFileType = sourcecode.swift; path = AppDelegate.swift; sourceTree = "<group>"; };
		D8C12ED624C0BBB2006F98C1 /* SceneDelegate.swift */ = {isa = PBXFileReference; lastKnownFileType = sourcecode.swift; path = SceneDelegate.swift; sourceTree = "<group>"; };
		D8C12EDD24C0BBB3006F98C1 /* Assets.xcassets */ = {isa = PBXFileReference; lastKnownFileType = folder.assetcatalog; path = Assets.xcassets; sourceTree = "<group>"; };
		D8C12EE024C0BBB3006F98C1 /* Base */ = {isa = PBXFileReference; lastKnownFileType = file.storyboard; name = Base; path = Base.lproj/LaunchScreen.storyboard; sourceTree = "<group>"; };
		D8C12EE224C0BBB3006F98C1 /* Info.plist */ = {isa = PBXFileReference; lastKnownFileType = text.plist.xml; path = Info.plist; sourceTree = "<group>"; };
		D8C12EE724C0BBB4006F98C1 /* AzureOverallTests.xctest */ = {isa = PBXFileReference; explicitFileType = wrapper.cfbundle; includeInIndex = 0; path = AzureOverallTests.xctest; sourceTree = BUILT_PRODUCTS_DIR; };
		D8C12EEB24C0BBB4006F98C1 /* AORecipeModelTest.swift */ = {isa = PBXFileReference; lastKnownFileType = sourcecode.swift; path = AORecipeModelTest.swift; sourceTree = "<group>"; };
		D8C12EED24C0BBB4006F98C1 /* Info.plist */ = {isa = PBXFileReference; lastKnownFileType = text.plist.xml; path = Info.plist; sourceTree = "<group>"; };
		D8CD39D724FA29570093514B /* RBButton.swift */ = {isa = PBXFileReference; lastKnownFileType = sourcecode.swift; path = RBButton.swift; sourceTree = "<group>"; };
		D8CD39D924FA2B7B0093514B /* HomeAuthViewController.swift */ = {isa = PBXFileReference; lastKnownFileType = sourcecode.swift; path = HomeAuthViewController.swift; sourceTree = "<group>"; };
		D8CD39DB24FA39B50093514B /* SignupAuthViewController.swift */ = {isa = PBXFileReference; lastKnownFileType = sourcecode.swift; path = SignupAuthViewController.swift; sourceTree = "<group>"; };
		D8D3A07824C2704800AA8D26 /* Recipes.json */ = {isa = PBXFileReference; lastKnownFileType = text.json; path = Recipes.json; sourceTree = "<group>"; };
		D8D3A07C24C359FA00AA8D26 /* Recipe.swift */ = {isa = PBXFileReference; lastKnownFileType = sourcecode.swift; path = Recipe.swift; sourceTree = "<group>"; };
		D8E8F78924DDF54C0077E6E6 /* RecipeInformation.json */ = {isa = PBXFileReference; fileEncoding = 4; lastKnownFileType = text.json; path = RecipeInformation.json; sourceTree = "<group>"; };
		D8FB3A5724FDD8E40039FF84 /* String+Validations.swift */ = {isa = PBXFileReference; lastKnownFileType = sourcecode.swift; path = "String+Validations.swift"; sourceTree = "<group>"; };
		D8FCACC524F9E739009231F4 /* RBBookmarkButton.swift */ = {isa = PBXFileReference; lastKnownFileType = sourcecode.swift; path = RBBookmarkButton.swift; sourceTree = "<group>"; };
/* End PBXFileReference section */

/* Begin PBXFrameworksBuildPhase section */
		D8C12ECE24C0BBB2006F98C1 /* Frameworks */ = {
			isa = PBXFrameworksBuildPhase;
			buildActionMask = 2147483647;
			files = (
			);
			runOnlyForDeploymentPostprocessing = 0;
		};
		D8C12EE424C0BBB4006F98C1 /* Frameworks */ = {
			isa = PBXFrameworksBuildPhase;
			buildActionMask = 2147483647;
			files = (
			);
			runOnlyForDeploymentPostprocessing = 0;
		};
/* End PBXFrameworksBuildPhase section */

/* Begin PBXGroup section */
		0843CAEF25F9E70500D4EBE0 /* UnusedCode */ = {
			isa = PBXGroup;
			children = (
				0843CAF425F9E78100D4EBE0 /* Extensions */,
				D8BEE76C24FADBE700DB77D9 /* FIrebaseHelpers */,
				0843CAF725F9E7F100D4EBE0 /* Screens */,
				0843CAF825F9E83300D4EBE0 /* Notes.swift */,
				08D76E63252978F10062D59A /* GoogleService-Info.plist */,
			);
			path = UnusedCode;
			sourceTree = "<group>";
		};
		0843CAF425F9E78100D4EBE0 /* Extensions */ = {
			isa = PBXGroup;
			children = (
				D8FB3A5724FDD8E40039FF84 /* String+Validations.swift */,
			);
			path = Extensions;
			sourceTree = "<group>";
		};
		0843CAF725F9E7F100D4EBE0 /* Screens */ = {
			isa = PBXGroup;
			children = (
				D8160A1D24FA41410042163D /* AuthenticationScreens */,
				D83B5A6224DA07ED00B1CF4E /* ProfileViewController.swift */,
			);
			path = Screens;
			sourceTree = "<group>";
		};
		D8160A1D24FA41410042163D /* AuthenticationScreens */ = {
			isa = PBXGroup;
			children = (
				D8CD39D924FA2B7B0093514B /* HomeAuthViewController.swift */,
				D8CD39DB24FA39B50093514B /* SignupAuthViewController.swift */,
				D8160A1B24FA3C7E0042163D /* LoginAuthViewController.swift */,
			);
			path = AuthenticationScreens;
			sourceTree = "<group>";
		};
		D837CCB824C2265800BE1F1B /* Cells */ = {
			isa = PBXGroup;
			children = (
				D837CCB924C2267C00BE1F1B /* RecipeCell.swift */,
			);
			path = Cells;
			sourceTree = "<group>";
		};
		D83B5A6124D9D52300B1CF4E /* Controllers */ = {
			isa = PBXGroup;
			children = (
				D874000024D9BAAB000A19AF /* RBTabBarController.swift */,
			);
			path = Controllers;
			sourceTree = "<group>";
		};
		D877735324D8F194001C8FF7 /* Labels */ = {
			isa = PBXGroup;
			children = (
				D877734D24D8EA56001C8FF7 /* RBTitleLabel.swift */,
				D877734F24D8ED26001C8FF7 /* RBSubheadingLabel.swift */,
				D877735924D8F95A001C8FF7 /* RBSecondaryTitleLabel.swift */,
				D874FFFC24D92824000A19AF /* RBBodyLabel.swift */,
			);
			path = Labels;
			sourceTree = "<group>";
		};
		D877735624D8F349001C8FF7 /* ImageViews */ = {
			isa = PBXGroup;
			children = (
				D877735724D8F384001C8FF7 /* RBFoodImageView.swift */,
			);
			path = ImageViews;
			sourceTree = "<group>";
		};
		D8AD611E24D45BAB007CDE9E /* Utilities */ = {
			isa = PBXGroup;
			children = (
				D8FB3A5624FDD8CD0039FF84 /* Extensions */,
				D8AD611C24D45B6C007CDE9E /* NetworkError.swift */,
				08D76E48252978BE0062D59A /* Secret.swift */,
				D805059624FA19C600A239C1 /* Constants.swift */,
			);
			path = Utilities;
			sourceTree = "<group>";
		};
		D8AD611F24D45BDB007CDE9E /* CustomViews */ = {
			isa = PBXGroup;
			children = (
				D83B5A6124D9D52300B1CF4E /* Controllers */,
				D8FCACC724F9EBBC009231F4 /* Buttons */,
				D877735324D8F194001C8FF7 /* Labels */,
				D877735624D8F349001C8FF7 /* ImageViews */,
				D8BEE76B24FA697000DB77D9 /* TextFields */,
				D837CCB824C2265800BE1F1B /* Cells */,
			);
			path = CustomViews;
			sourceTree = "<group>";
		};
		D8AD612024D45C08007CDE9E /* NetworkingManagers */ = {
			isa = PBXGroup;
			children = (
				D838BF5624CB7E3D009B056E /* RecipeFetchingService.swift */,
				D8B6316C24D50C7400CF6DF7 /* ImageFetchingService.swift */,
				D8AD612124D45DC2007CDE9E /* NetworkManager.swift */,
			);
			path = NetworkingManagers;
			sourceTree = "<group>";
		};
		D8BEE76B24FA697000DB77D9 /* TextFields */ = {
			isa = PBXGroup;
			children = (
				D8BEE76924FA5E9D00DB77D9 /* RBTextField.swift */,
			);
			path = TextFields;
			sourceTree = "<group>";
		};
		D8BEE76C24FADBE700DB77D9 /* FIrebaseHelpers */ = {
			isa = PBXGroup;
			children = (
				D8BEE76F24FAE02200DB77D9 /* FirebaseAuthService.swift */,
			);
			path = FIrebaseHelpers;
			sourceTree = "<group>";
		};
		D8C12EC824C0BBB2006F98C1 = {
			isa = PBXGroup;
			children = (
				D8C12ED324C0BBB2006F98C1 /* AzureOverall */,
				0843CAEF25F9E70500D4EBE0 /* UnusedCode */,
				D8C12EEA24C0BBB4006F98C1 /* AzureOverallTests */,
				D8C12ED224C0BBB2006F98C1 /* Products */,
			);
			sourceTree = "<group>";
		};
		D8C12ED224C0BBB2006F98C1 /* Products */ = {
			isa = PBXGroup;
			children = (
				D8C12ED124C0BBB2006F98C1 /* Recipe Box.app */,
				D8C12EE724C0BBB4006F98C1 /* AzureOverallTests.xctest */,
			);
			name = Products;
			sourceTree = "<group>";
		};
		D8C12ED324C0BBB2006F98C1 /* AzureOverall */ = {
			isa = PBXGroup;
			children = (
				D8AD611E24D45BAB007CDE9E /* Utilities */,
				D8AD612024D45C08007CDE9E /* NetworkingManagers */,
				D8D3A07524C267AF00AA8D26 /* Models */,
				D8AD611F24D45BDB007CDE9E /* CustomViews */,
				D8C12EF724C0BDA3006F98C1 /* Screens */,
				D8C12EF624C0BD87006F98C1 /* SupportingFiles */,
				D8C12EE224C0BBB3006F98C1 /* Info.plist */,
			);
			path = AzureOverall;
			sourceTree = "<group>";
		};
		D8C12EEA24C0BBB4006F98C1 /* AzureOverallTests */ = {
			isa = PBXGroup;
			children = (
				D8C12EEB24C0BBB4006F98C1 /* AORecipeModelTest.swift */,
				D8D3A07824C2704800AA8D26 /* Recipes.json */,
				D877734B24D8E060001C8FF7 /* AORecipeInformoationModelTest.swift */,
				D8E8F78924DDF54C0077E6E6 /* RecipeInformation.json */,
				D8C12EED24C0BBB4006F98C1 /* Info.plist */,
			);
			path = AzureOverallTests;
			sourceTree = "<group>";
		};
		D8C12EF624C0BD87006F98C1 /* SupportingFiles */ = {
			isa = PBXGroup;
			children = (
				D8C12ED424C0BBB2006F98C1 /* AppDelegate.swift */,
				D8C12ED624C0BBB2006F98C1 /* SceneDelegate.swift */,
				D8C12EDD24C0BBB3006F98C1 /* Assets.xcassets */,
				D8C12EDF24C0BBB3006F98C1 /* LaunchScreen.storyboard */,
			);
			path = SupportingFiles;
			sourceTree = "<group>";
		};
		D8C12EF724C0BDA3006F98C1 /* Screens */ = {
			isa = PBXGroup;
			children = (
				D81C557024C0BEC70093A5A5 /* SearchViewController.swift */,
				D88BC64D24D779BD00F3E5BF /* DetailViewController.swift */,
				083101F1253E049A0076C1CE /* BookmarkedRecipesListViewController.swift */,
				0843CAE325F9E45500D4EBE0 /* FavRecipesListViewController.swift */,
			);
			path = Screens;
			sourceTree = "<group>";
		};
		D8D3A07524C267AF00AA8D26 /* Models */ = {
			isa = PBXGroup;
			children = (
				D8D3A07C24C359FA00AA8D26 /* Recipe.swift */,
				D877734724D8D90A001C8FF7 /* RecipeInformation.swift */,
				D8BEE76D24FADC0A00DB77D9 /* AppUser.swift */,
			);
			path = Models;
			sourceTree = "<group>";
		};
		D8FB3A5624FDD8CD0039FF84 /* Extensions */ = {
			isa = PBXGroup;
			children = (
				D8366DB924FF573300579CF2 /* UIViewController+Ext.swift */,
			);
			path = Extensions;
			sourceTree = "<group>";
		};
		D8FCACC724F9EBBC009231F4 /* Buttons */ = {
			isa = PBXGroup;
			children = (
				D8FCACC524F9E739009231F4 /* RBBookmarkButton.swift */,
				D8CD39D724FA29570093514B /* RBButton.swift */,
			);
			path = Buttons;
			sourceTree = "<group>";
		};
/* End PBXGroup section */

/* Begin PBXNativeTarget section */
		D8C12ED024C0BBB2006F98C1 /* AzureOverall */ = {
			isa = PBXNativeTarget;
			buildConfigurationList = D8C12EF024C0BBB4006F98C1 /* Build configuration list for PBXNativeTarget "AzureOverall" */;
			buildPhases = (
				D8C12ECD24C0BBB2006F98C1 /* Sources */,
				D8C12ECE24C0BBB2006F98C1 /* Frameworks */,
				D8C12ECF24C0BBB2006F98C1 /* Resources */,
			);
			buildRules = (
			);
			dependencies = (
			);
			name = AzureOverall;
			productName = AzureOverall;
			productReference = D8C12ED124C0BBB2006F98C1 /* Recipe Box.app */;
			productType = "com.apple.product-type.application";
		};
		D8C12EE624C0BBB4006F98C1 /* AzureOverallTests */ = {
			isa = PBXNativeTarget;
			buildConfigurationList = D8C12EF324C0BBB4006F98C1 /* Build configuration list for PBXNativeTarget "AzureOverallTests" */;
			buildPhases = (
				D8C12EE324C0BBB4006F98C1 /* Sources */,
				D8C12EE424C0BBB4006F98C1 /* Frameworks */,
				D8C12EE524C0BBB4006F98C1 /* Resources */,
			);
			buildRules = (
			);
			dependencies = (
				D8C12EE924C0BBB4006F98C1 /* PBXTargetDependency */,
			);
			name = AzureOverallTests;
			productName = AzureOverallTests;
			productReference = D8C12EE724C0BBB4006F98C1 /* AzureOverallTests.xctest */;
			productType = "com.apple.product-type.bundle.unit-test";
		};
/* End PBXNativeTarget section */

/* Begin PBXProject section */
		D8C12EC924C0BBB2006F98C1 /* Project object */ = {
			isa = PBXProject;
			attributes = {
				LastSwiftUpdateCheck = 1150;
				LastUpgradeCheck = 1200;
				ORGANIZATIONNAME = "Jocelyn Boyd";
				TargetAttributes = {
					D8C12ED024C0BBB2006F98C1 = {
						CreatedOnToolsVersion = 11.5;
					};
					D8C12EE624C0BBB4006F98C1 = {
						CreatedOnToolsVersion = 11.5;
						TestTargetID = D8C12ED024C0BBB2006F98C1;
					};
				};
			};
			buildConfigurationList = D8C12ECC24C0BBB2006F98C1 /* Build configuration list for PBXProject "AzureOverall" */;
			compatibilityVersion = "Xcode 9.3";
			developmentRegion = en;
			hasScannedForEncodings = 0;
			knownRegions = (
				en,
				Base,
			);
			mainGroup = D8C12EC824C0BBB2006F98C1;
			productRefGroup = D8C12ED224C0BBB2006F98C1 /* Products */;
			projectDirPath = "";
			projectRoot = "";
			targets = (
				D8C12ED024C0BBB2006F98C1 /* AzureOverall */,
				D8C12EE624C0BBB4006F98C1 /* AzureOverallTests */,
			);
		};
/* End PBXProject section */

/* Begin PBXResourcesBuildPhase section */
		D8C12ECF24C0BBB2006F98C1 /* Resources */ = {
			isa = PBXResourcesBuildPhase;
			buildActionMask = 2147483647;
			files = (
				D8E8F78A24DDF54C0077E6E6 /* RecipeInformation.json in Resources */,
				D8C12EE124C0BBB3006F98C1 /* LaunchScreen.storyboard in Resources */,
				08D76E64252978F10062D59A /* GoogleService-Info.plist in Resources */,
				D8D3A07924C2704800AA8D26 /* Recipes.json in Resources */,
				D8C12EDE24C0BBB3006F98C1 /* Assets.xcassets in Resources */,
			);
			runOnlyForDeploymentPostprocessing = 0;
		};
		D8C12EE524C0BBB4006F98C1 /* Resources */ = {
			isa = PBXResourcesBuildPhase;
			buildActionMask = 2147483647;
			files = (
			);
			runOnlyForDeploymentPostprocessing = 0;
		};
/* End PBXResourcesBuildPhase section */

/* Begin PBXSourcesBuildPhase section */
		D8C12ECD24C0BBB2006F98C1 /* Sources */ = {
			isa = PBXSourcesBuildPhase;
			buildActionMask = 2147483647;
			files = (
				0843CAE425F9E45500D4EBE0 /* FavRecipesListViewController.swift in Sources */,
				D8CD39DA24FA2B7B0093514B /* HomeAuthViewController.swift in Sources */,
				D88BC64E24D779BD00F3E5BF /* DetailViewController.swift in Sources */,
				D874FFFD24D92824000A19AF /* RBBodyLabel.swift in Sources */,
				D83B5A6324DA07ED00B1CF4E /* ProfileViewController.swift in Sources */,
				D8BEE76A24FA5E9D00DB77D9 /* RBTextField.swift in Sources */,
				D81C557124C0BEC70093A5A5 /* SearchViewController.swift in Sources */,
				D877734E24D8EA56001C8FF7 /* RBTitleLabel.swift in Sources */,
				D805059724FA19C600A239C1 /* Constants.swift in Sources */,
				D8BEE76E24FADC0A00DB77D9 /* AppUser.swift in Sources */,
				083101F2253E049A0076C1CE /* BookmarkedRecipesListViewController.swift in Sources */,
				D8BEE77024FAE02200DB77D9 /* FirebaseAuthService.swift in Sources */,
				D8AD612224D45DC2007CDE9E /* NetworkManager.swift in Sources */,
				D8AD611D24D45B6C007CDE9E /* NetworkError.swift in Sources */,
				08D76E49252978BE0062D59A /* Secret.swift in Sources */,
				D8366DBA24FF573300579CF2 /* UIViewController+Ext.swift in Sources */,
				D838BF5724CB7E3D009B056E /* RecipeFetchingService.swift in Sources */,
				D8CD39DC24FA39B50093514B /* SignupAuthViewController.swift in Sources */,
				D8C12ED524C0BBB2006F98C1 /* AppDelegate.swift in Sources */,
				D8D3A07D24C359FA00AA8D26 /* Recipe.swift in Sources */,
				D8FCACC624F9E739009231F4 /* RBBookmarkButton.swift in Sources */,
				D877735024D8ED26001C8FF7 /* RBSubheadingLabel.swift in Sources */,
				D8C12ED724C0BBB2006F98C1 /* SceneDelegate.swift in Sources */,
				D877734824D8D90A001C8FF7 /* RecipeInformation.swift in Sources */,
				D8160A1C24FA3C7E0042163D /* LoginAuthViewController.swift in Sources */,
				D8FB3A5824FDD8E40039FF84 /* String+Validations.swift in Sources */,
				0843CAF925F9E83300D4EBE0 /* Notes.swift in Sources */,
				D8B6316D24D50C7400CF6DF7 /* ImageFetchingService.swift in Sources */,
				D837CCBA24C2267C00BE1F1B /* RecipeCell.swift in Sources */,
				D877735824D8F384001C8FF7 /* RBFoodImageView.swift in Sources */,
				D8CD39D824FA29570093514B /* RBButton.swift in Sources */,
				D877735A24D8F95A001C8FF7 /* RBSecondaryTitleLabel.swift in Sources */,
				D874000124D9BAAB000A19AF /* RBTabBarController.swift in Sources */,
			);
			runOnlyForDeploymentPostprocessing = 0;
		};
		D8C12EE324C0BBB4006F98C1 /* Sources */ = {
			isa = PBXSourcesBuildPhase;
			buildActionMask = 2147483647;
			files = (
				D877734C24D8E060001C8FF7 /* AORecipeInformoationModelTest.swift in Sources */,
				D8C12EEC24C0BBB4006F98C1 /* AORecipeModelTest.swift in Sources */,
			);
			runOnlyForDeploymentPostprocessing = 0;
		};
/* End PBXSourcesBuildPhase section */

/* Begin PBXTargetDependency section */
		D8C12EE924C0BBB4006F98C1 /* PBXTargetDependency */ = {
			isa = PBXTargetDependency;
			target = D8C12ED024C0BBB2006F98C1 /* AzureOverall */;
			targetProxy = D8C12EE824C0BBB4006F98C1 /* PBXContainerItemProxy */;
		};
/* End PBXTargetDependency section */

/* Begin PBXVariantGroup section */
		D8C12EDF24C0BBB3006F98C1 /* LaunchScreen.storyboard */ = {
			isa = PBXVariantGroup;
			children = (
				D8C12EE024C0BBB3006F98C1 /* Base */,
			);
			name = LaunchScreen.storyboard;
			sourceTree = "<group>";
		};
/* End PBXVariantGroup section */

/* Begin XCBuildConfiguration section */
		D8C12EEE24C0BBB4006F98C1 /* Debug */ = {
			isa = XCBuildConfiguration;
			buildSettings = {
				ALWAYS_SEARCH_USER_PATHS = NO;
				CLANG_ANALYZER_NONNULL = YES;
				CLANG_ANALYZER_NUMBER_OBJECT_CONVERSION = YES_AGGRESSIVE;
				CLANG_CXX_LANGUAGE_STANDARD = "gnu++14";
				CLANG_CXX_LIBRARY = "libc++";
				CLANG_ENABLE_MODULES = YES;
				CLANG_ENABLE_OBJC_ARC = YES;
				CLANG_ENABLE_OBJC_WEAK = YES;
				CLANG_WARN_BLOCK_CAPTURE_AUTORELEASING = YES;
				CLANG_WARN_BOOL_CONVERSION = YES;
				CLANG_WARN_COMMA = YES;
				CLANG_WARN_CONSTANT_CONVERSION = YES;
				CLANG_WARN_DEPRECATED_OBJC_IMPLEMENTATIONS = YES;
				CLANG_WARN_DIRECT_OBJC_ISA_USAGE = YES_ERROR;
				CLANG_WARN_DOCUMENTATION_COMMENTS = YES;
				CLANG_WARN_EMPTY_BODY = YES;
				CLANG_WARN_ENUM_CONVERSION = YES;
				CLANG_WARN_INFINITE_RECURSION = YES;
				CLANG_WARN_INT_CONVERSION = YES;
				CLANG_WARN_NON_LITERAL_NULL_CONVERSION = YES;
				CLANG_WARN_OBJC_IMPLICIT_RETAIN_SELF = YES;
				CLANG_WARN_OBJC_LITERAL_CONVERSION = YES;
				CLANG_WARN_OBJC_ROOT_CLASS = YES_ERROR;
				CLANG_WARN_QUOTED_INCLUDE_IN_FRAMEWORK_HEADER = YES;
				CLANG_WARN_RANGE_LOOP_ANALYSIS = YES;
				CLANG_WARN_STRICT_PROTOTYPES = YES;
				CLANG_WARN_SUSPICIOUS_MOVE = YES;
				CLANG_WARN_UNGUARDED_AVAILABILITY = YES_AGGRESSIVE;
				CLANG_WARN_UNREACHABLE_CODE = YES;
				CLANG_WARN__DUPLICATE_METHOD_MATCH = YES;
				COPY_PHASE_STRIP = NO;
				DEBUG_INFORMATION_FORMAT = dwarf;
				ENABLE_STRICT_OBJC_MSGSEND = YES;
				ENABLE_TESTABILITY = YES;
				GCC_C_LANGUAGE_STANDARD = gnu11;
				GCC_DYNAMIC_NO_PIC = NO;
				GCC_NO_COMMON_BLOCKS = YES;
				GCC_OPTIMIZATION_LEVEL = 0;
				GCC_PREPROCESSOR_DEFINITIONS = (
					"DEBUG=1",
					"$(inherited)",
				);
				GCC_WARN_64_TO_32_BIT_CONVERSION = YES;
				GCC_WARN_ABOUT_RETURN_TYPE = YES_ERROR;
				GCC_WARN_UNDECLARED_SELECTOR = YES;
				GCC_WARN_UNINITIALIZED_AUTOS = YES_AGGRESSIVE;
				GCC_WARN_UNUSED_FUNCTION = YES;
				GCC_WARN_UNUSED_VARIABLE = YES;
				IPHONEOS_DEPLOYMENT_TARGET = 13.1;
				MTL_ENABLE_DEBUG_INFO = INCLUDE_SOURCE;
				MTL_FAST_MATH = YES;
				ONLY_ACTIVE_ARCH = YES;
				SDKROOT = iphoneos;
				SWIFT_ACTIVE_COMPILATION_CONDITIONS = DEBUG;
				SWIFT_OPTIMIZATION_LEVEL = "-Onone";
			};
			name = Debug;
		};
		D8C12EEF24C0BBB4006F98C1 /* Release */ = {
			isa = XCBuildConfiguration;
			buildSettings = {
				ALWAYS_SEARCH_USER_PATHS = NO;
				CLANG_ANALYZER_NONNULL = YES;
				CLANG_ANALYZER_NUMBER_OBJECT_CONVERSION = YES_AGGRESSIVE;
				CLANG_CXX_LANGUAGE_STANDARD = "gnu++14";
				CLANG_CXX_LIBRARY = "libc++";
				CLANG_ENABLE_MODULES = YES;
				CLANG_ENABLE_OBJC_ARC = YES;
				CLANG_ENABLE_OBJC_WEAK = YES;
				CLANG_WARN_BLOCK_CAPTURE_AUTORELEASING = YES;
				CLANG_WARN_BOOL_CONVERSION = YES;
				CLANG_WARN_COMMA = YES;
				CLANG_WARN_CONSTANT_CONVERSION = YES;
				CLANG_WARN_DEPRECATED_OBJC_IMPLEMENTATIONS = YES;
				CLANG_WARN_DIRECT_OBJC_ISA_USAGE = YES_ERROR;
				CLANG_WARN_DOCUMENTATION_COMMENTS = YES;
				CLANG_WARN_EMPTY_BODY = YES;
				CLANG_WARN_ENUM_CONVERSION = YES;
				CLANG_WARN_INFINITE_RECURSION = YES;
				CLANG_WARN_INT_CONVERSION = YES;
				CLANG_WARN_NON_LITERAL_NULL_CONVERSION = YES;
				CLANG_WARN_OBJC_IMPLICIT_RETAIN_SELF = YES;
				CLANG_WARN_OBJC_LITERAL_CONVERSION = YES;
				CLANG_WARN_OBJC_ROOT_CLASS = YES_ERROR;
				CLANG_WARN_QUOTED_INCLUDE_IN_FRAMEWORK_HEADER = YES;
				CLANG_WARN_RANGE_LOOP_ANALYSIS = YES;
				CLANG_WARN_STRICT_PROTOTYPES = YES;
				CLANG_WARN_SUSPICIOUS_MOVE = YES;
				CLANG_WARN_UNGUARDED_AVAILABILITY = YES_AGGRESSIVE;
				CLANG_WARN_UNREACHABLE_CODE = YES;
				CLANG_WARN__DUPLICATE_METHOD_MATCH = YES;
				COPY_PHASE_STRIP = NO;
				DEBUG_INFORMATION_FORMAT = "dwarf-with-dsym";
				ENABLE_NS_ASSERTIONS = NO;
				ENABLE_STRICT_OBJC_MSGSEND = YES;
				GCC_C_LANGUAGE_STANDARD = gnu11;
				GCC_NO_COMMON_BLOCKS = YES;
				GCC_WARN_64_TO_32_BIT_CONVERSION = YES;
				GCC_WARN_ABOUT_RETURN_TYPE = YES_ERROR;
				GCC_WARN_UNDECLARED_SELECTOR = YES;
				GCC_WARN_UNINITIALIZED_AUTOS = YES_AGGRESSIVE;
				GCC_WARN_UNUSED_FUNCTION = YES;
				GCC_WARN_UNUSED_VARIABLE = YES;
				IPHONEOS_DEPLOYMENT_TARGET = 13.1;
				MTL_ENABLE_DEBUG_INFO = NO;
				MTL_FAST_MATH = YES;
				SDKROOT = iphoneos;
				SWIFT_COMPILATION_MODE = wholemodule;
				SWIFT_OPTIMIZATION_LEVEL = "-O";
				VALIDATE_PRODUCT = YES;
			};
			name = Release;
		};
		D8C12EF124C0BBB4006F98C1 /* Debug */ = {
			isa = XCBuildConfiguration;
			buildSettings = {
				ASSETCATALOG_COMPILER_APPICON_NAME = AppIcon;
				CODE_SIGN_STYLE = Automatic;
				DEVELOPMENT_TEAM = 453FAV4WWW;
				INFOPLIST_FILE = AzureOverall/Info.plist;
				LD_RUNPATH_SEARCH_PATHS = (
					"$(inherited)",
					"@executable_path/Frameworks",
				);
				PRODUCT_BUNDLE_IDENTIFIER = com.jocelynboyd.AzureOverall;
				PRODUCT_NAME = "Recipe Box";
				SWIFT_VERSION = 5.0;
				TARGETED_DEVICE_FAMILY = 1;
			};
			name = Debug;
		};
		D8C12EF224C0BBB4006F98C1 /* Release */ = {
			isa = XCBuildConfiguration;
			buildSettings = {
				ASSETCATALOG_COMPILER_APPICON_NAME = AppIcon;
				CODE_SIGN_STYLE = Automatic;
				DEVELOPMENT_TEAM = 453FAV4WWW;
				INFOPLIST_FILE = AzureOverall/Info.plist;
				LD_RUNPATH_SEARCH_PATHS = (
					"$(inherited)",
					"@executable_path/Frameworks",
				);
				PRODUCT_BUNDLE_IDENTIFIER = com.jocelynboyd.AzureOverall;
				PRODUCT_NAME = "Recipe Box";
				SWIFT_VERSION = 5.0;
				TARGETED_DEVICE_FAMILY = 1;
			};
			name = Release;
		};
		D8C12EF424C0BBB4006F98C1 /* Debug */ = {
			isa = XCBuildConfiguration;
			buildSettings = {
				ALWAYS_EMBED_SWIFT_STANDARD_LIBRARIES = YES;
				BUNDLE_LOADER = "$(TEST_HOST)";
				CODE_SIGN_STYLE = Automatic;
				DEVELOPMENT_TEAM = 453FAV4WWW;
				INFOPLIST_FILE = AzureOverallTests/Info.plist;
				IPHONEOS_DEPLOYMENT_TARGET = 13.5;
				LD_RUNPATH_SEARCH_PATHS = (
					"$(inherited)",
					"@executable_path/Frameworks",
					"@loader_path/Frameworks",
				);
				PRODUCT_BUNDLE_IDENTIFIER = com.jocelynboyd.AzureOverallTests;
				PRODUCT_NAME = "$(TARGET_NAME)";
				SWIFT_VERSION = 5.0;
				TARGETED_DEVICE_FAMILY = "1,2";
				TEST_HOST = "$(BUILT_PRODUCTS_DIR)/AzureOverall.app/AzureOverall";
			};
			name = Debug;
		};
		D8C12EF524C0BBB4006F98C1 /* Release */ = {
			isa = XCBuildConfiguration;
			buildSettings = {
				ALWAYS_EMBED_SWIFT_STANDARD_LIBRARIES = YES;
				BUNDLE_LOADER = "$(TEST_HOST)";
				CODE_SIGN_STYLE = Automatic;
				DEVELOPMENT_TEAM = 453FAV4WWW;
				INFOPLIST_FILE = AzureOverallTests/Info.plist;
				IPHONEOS_DEPLOYMENT_TARGET = 13.5;
				LD_RUNPATH_SEARCH_PATHS = (
					"$(inherited)",
					"@executable_path/Frameworks",
					"@loader_path/Frameworks",
				);
				PRODUCT_BUNDLE_IDENTIFIER = com.jocelynboyd.AzureOverallTests;
				PRODUCT_NAME = "$(TARGET_NAME)";
				SWIFT_VERSION = 5.0;
				TARGETED_DEVICE_FAMILY = "1,2";
				TEST_HOST = "$(BUILT_PRODUCTS_DIR)/AzureOverall.app/AzureOverall";
			};
			name = Release;
		};
/* End XCBuildConfiguration section */

/* Begin XCConfigurationList section */
		D8C12ECC24C0BBB2006F98C1 /* Build configuration list for PBXProject "AzureOverall" */ = {
			isa = XCConfigurationList;
			buildConfigurations = (
				D8C12EEE24C0BBB4006F98C1 /* Debug */,
				D8C12EEF24C0BBB4006F98C1 /* Release */,
			);
			defaultConfigurationIsVisible = 0;
			defaultConfigurationName = Release;
		};
		D8C12EF024C0BBB4006F98C1 /* Build configuration list for PBXNativeTarget "AzureOverall" */ = {
			isa = XCConfigurationList;
			buildConfigurations = (
				D8C12EF124C0BBB4006F98C1 /* Debug */,
				D8C12EF224C0BBB4006F98C1 /* Release */,
			);
			defaultConfigurationIsVisible = 0;
			defaultConfigurationName = Release;
		};
		D8C12EF324C0BBB4006F98C1 /* Build configuration list for PBXNativeTarget "AzureOverallTests" */ = {
			isa = XCConfigurationList;
			buildConfigurations = (
				D8C12EF424C0BBB4006F98C1 /* Debug */,
				D8C12EF524C0BBB4006F98C1 /* Release */,
			);
			defaultConfigurationIsVisible = 0;
			defaultConfigurationName = Release;
		};
/* End XCConfigurationList section */
	};
	rootObject = D8C12EC924C0BBB2006F98C1 /* Project object */;
}
